
Microsoft Visual Studio Solution File, Format Version 12.00
# Visual Studio Version 17
VisualStudioVersion = 17.5.33414.496
MinimumVisualStudioVersion = 10.0.40219.1
Project("{FAE04EC0-301F-11D3-BF4B-00C04F79EFBC}") = "BackEndApi", "BackEndApi.csproj", "{B8469F68-DDF5-4583-97BE-B6B6EC8A54A4}"
EndProject
Global
	GlobalSection(SolutionConfigurationPlatforms) = preSolution
		Debug|Any CPU = Debug|Any CPU
		Release|Any CPU = Release|Any CPU
	EndGlobalSection
	GlobalSection(ProjectConfigurationPlatforms) = postSolution
		{B8469F68-DDF5-4583-97BE-B6B6EC8A54A4}.Debug|Any CPU.ActiveCfg = Debug|Any CPU
		{B8469F68-DDF5-4583-97BE-B6B6EC8A54A4}.Debug|Any CPU.Build.0 = Debug|Any CPU
		{B8469F68-DDF5-4583-97BE-B6B6EC8A54A4}.Release|Any CPU.ActiveCfg = Release|Any CPU
		{B8469F68-DDF5-4583-97BE-B6B6EC8A54A4}.Release|Any CPU.Build.0 = Release|Any CPU
	EndGlobalSection
	GlobalSection(SolutionProperties) = preSolution
		HideSolutionNode = FALSE
	EndGlobalSection
	GlobalSection(ExtensibilityGlobals) = postSolution
		SolutionGuid = {CEE8FF48-F40B-4772-AB7F-EE9FC720F635}
	EndGlobalSection
EndGlobal
